
Microsoft Visual Studio Solution File, Format Version 12.00
# Visual Studio 14
VisualStudioVersion = 14.0.25420.1
MinimumVisualStudioVersion = 10.0.40219.1
Project("{8BC9CEB8-8B4A-11D0-8D11-00A0C91BC942}") = "zuckerwatte", "zuckerwatte\zuckerwatte.vcxproj", "{DDEAD0FA-3364-4875-9572-EA820228BD19}"
EndProject
Global
	GlobalSection(SolutionConfigurationPlatforms) = preSolution
		Debug|x64 = Debug|x64
		Debug|x86 = Debug|x86
		Release|x64 = Release|x64
		Release|x86 = Release|x86
	EndGlobalSection
	GlobalSection(ProjectConfigurationPlatforms) = postSolution
		{DDEAD0FA-3364-4875-9572-EA820228BD19}.Debug|x64.ActiveCfg = Debug|x64
		{DDEAD0FA-3364-4875-9572-EA820228BD19}.Debug|x64.Build.0 = Debug|x64
		{DDEAD0FA-3364-4875-9572-EA820228BD19}.Debug|x86.ActiveCfg = Debug|Win32
		{DDEAD0FA-3364-4875-9572-EA820228BD19}.Debug|x86.Build.0 = Debug|Win32
		{DDEAD0FA-3364-4875-9572-EA820228BD19}.Release|x64.ActiveCfg = Release|x64
		{DDEAD0FA-3364-4875-9572-EA820228BD19}.Release|x64.Build.0 = Release|x64
		{DDEAD0FA-3364-4875-9572-EA820228BD19}.Release|x86.ActiveCfg = Release|Win32
		{DDEAD0FA-3364-4875-9572-EA820228BD19}.Release|x86.Build.0 = Release|Win32
	EndGlobalSection
	GlobalSection(SolutionProperties) = preSolution
		HideSolutionNode = FALSE
	EndGlobalSection
EndGlobal
